
Microsoft Visual Studio Solution File, Format Version 12.00
# Visual Studio Version 17
VisualStudioVersion = 17.1.32407.343
MinimumVisualStudioVersion = 10.0.40219.1
Project("{9A19103F-16F7-4668-BE54-9A1E7A4F7556}") = "Dncy.Tools.LuceneNet", "Dncy.Tools.LuceneNet.csproj", "{5A328169-EF58-40B1-A7AA-5F7E4368CB53}"
EndProject
Global
	GlobalSection(SolutionConfigurationPlatforms) = preSolution
		Debug|Any CPU = Debug|Any CPU
		Release|Any CPU = Release|Any CPU
	EndGlobalSection
	GlobalSection(ProjectConfigurationPlatforms) = postSolution
		{5A328169-EF58-40B1-A7AA-5F7E4368CB53}.Debug|Any CPU.ActiveCfg = Debug|Any CPU
		{5A328169-EF58-40B1-A7AA-5F7E4368CB53}.Debug|Any CPU.Build.0 = Debug|Any CPU
		{5A328169-EF58-40B1-A7AA-5F7E4368CB53}.Release|Any CPU.ActiveCfg = Release|Any CPU
		{5A328169-EF58-40B1-A7AA-5F7E4368CB53}.Release|Any CPU.Build.0 = Release|Any CPU
	EndGlobalSection
	GlobalSection(SolutionProperties) = preSolution
		HideSolutionNode = FALSE
	EndGlobalSection
	GlobalSection(ExtensibilityGlobals) = postSolution
		SolutionGuid = {AA65DC99-AD79-44A8-8353-6E492EC33C8E}
	EndGlobalSection
EndGlobal
